
Microsoft Visual Studio Solution File, Format Version 12.00
# Visual Studio 15
VisualStudioVersion = 15.0.28307.757
MinimumVisualStudioVersion = 10.0.40219.1
Project("{FAE04EC0-301F-11D3-BF4B-00C04F79EFBC}") = "Senai.Ekips.WebApi", "Senai.Ekips.WebApi\Senai.Ekips.WebApi.csproj", "{A760BA43-A428-48C6-BC49-3AAE6B8D56D6}"
EndProject
Global
	GlobalSection(SolutionConfigurationPlatforms) = preSolution
		Debug|Any CPU = Debug|Any CPU
		Release|Any CPU = Release|Any CPU
	EndGlobalSection
	GlobalSection(ProjectConfigurationPlatforms) = postSolution
		{A760BA43-A428-48C6-BC49-3AAE6B8D56D6}.Debug|Any CPU.ActiveCfg = Debug|Any CPU
		{A760BA43-A428-48C6-BC49-3AAE6B8D56D6}.Debug|Any CPU.Build.0 = Debug|Any CPU
		{A760BA43-A428-48C6-BC49-3AAE6B8D56D6}.Release|Any CPU.ActiveCfg = Release|Any CPU
		{A760BA43-A428-48C6-BC49-3AAE6B8D56D6}.Release|Any CPU.Build.0 = Release|Any CPU
	EndGlobalSection
	GlobalSection(SolutionProperties) = preSolution
		HideSolutionNode = FALSE
	EndGlobalSection
	GlobalSection(ExtensibilityGlobals) = postSolution
		SolutionGuid = {31D7973B-FFEC-44AA-B325-7223E3AFE845}
	EndGlobalSection
EndGlobal
