
Microsoft Visual Studio Solution File, Format Version 12.00
# Visual Studio 15
VisualStudioVersion = 15.0.28307.757
MinimumVisualStudioVersion = 10.0.40219.1
Project("{FAE04EC0-301F-11D3-BF4B-00C04F79EFBC}") = "Senai.Opflix.WebApi", "Senai.Opflix.WebApi\Senai.Opflix.WebApi.csproj", "{A1665E9F-38EF-4515-ABF0-89564D37E52C}"
EndProject
Global
	GlobalSection(SolutionConfigurationPlatforms) = preSolution
		Debug|Any CPU = Debug|Any CPU
		Release|Any CPU = Release|Any CPU
	EndGlobalSection
	GlobalSection(ProjectConfigurationPlatforms) = postSolution
		{A1665E9F-38EF-4515-ABF0-89564D37E52C}.Debug|Any CPU.ActiveCfg = Debug|Any CPU
		{A1665E9F-38EF-4515-ABF0-89564D37E52C}.Debug|Any CPU.Build.0 = Debug|Any CPU
		{A1665E9F-38EF-4515-ABF0-89564D37E52C}.Release|Any CPU.ActiveCfg = Release|Any CPU
		{A1665E9F-38EF-4515-ABF0-89564D37E52C}.Release|Any CPU.Build.0 = Release|Any CPU
	EndGlobalSection
	GlobalSection(SolutionProperties) = preSolution
		HideSolutionNode = FALSE
	EndGlobalSection
	GlobalSection(ExtensibilityGlobals) = postSolution
		SolutionGuid = {15339E9D-CB1F-42ED-B02C-E85A6EAD8A10}
	EndGlobalSection
EndGlobal
